
Microsoft Visual Studio Solution File, Format Version 12.00
# Visual Studio Version 17
VisualStudioVersion = 17.13.35931.197 d17.13
MinimumVisualStudioVersion = 10.0.40219.1
Project("{FAE04EC0-301F-11D3-BF4B-00C04F79EFBC}") = "ContactManager", "ContactManager\ContactManager.csproj", "{7BE878FE-EB5D-4C06-83E8-3B3E568A8AF3}"
EndProject
Global
	GlobalSection(SolutionConfigurationPlatforms) = preSolution
		Debug|Any CPU = Debug|Any CPU
		Release|Any CPU = Release|Any CPU
	EndGlobalSection
	GlobalSection(ProjectConfigurationPlatforms) = postSolution
		{7BE878FE-EB5D-4C06-83E8-3B3E568A8AF3}.Debug|Any CPU.ActiveCfg = Debug|Any CPU
		{7BE878FE-EB5D-4C06-83E8-3B3E568A8AF3}.Debug|Any CPU.Build.0 = Debug|Any CPU
		{7BE878FE-EB5D-4C06-83E8-3B3E568A8AF3}.Release|Any CPU.ActiveCfg = Release|Any CPU
		{7BE878FE-EB5D-4C06-83E8-3B3E568A8AF3}.Release|Any CPU.Build.0 = Release|Any CPU
	EndGlobalSection
	GlobalSection(SolutionProperties) = preSolution
		HideSolutionNode = FALSE
	EndGlobalSection
	GlobalSection(ExtensibilityGlobals) = postSolution
		SolutionGuid = {64CD110D-3048-4730-A36C-E55C94EA75B8}
	EndGlobalSection
EndGlobal
