
Microsoft Visual Studio Solution File, Format Version 12.00
# Visual Studio Version 17
VisualStudioVersion = 17.13.35931.197 d17.13
MinimumVisualStudioVersion = 10.0.40219.1
Project("{FAE04EC0-301F-11D3-BF4B-00C04F79EFBC}") = "LanguageIntegratedQuery", "LanguageIntegratedQuery\LanguageIntegratedQuery.csproj", "{E8DC1C49-18C2-44BD-84EA-B76EFD9394BA}"
EndProject
Global
	GlobalSection(SolutionConfigurationPlatforms) = preSolution
		Debug|Any CPU = Debug|Any CPU
		Release|Any CPU = Release|Any CPU
	EndGlobalSection
	GlobalSection(ProjectConfigurationPlatforms) = postSolution
		{E8DC1C49-18C2-44BD-84EA-B76EFD9394BA}.Debug|Any CPU.ActiveCfg = Debug|Any CPU
		{E8DC1C49-18C2-44BD-84EA-B76EFD9394BA}.Debug|Any CPU.Build.0 = Debug|Any CPU
		{E8DC1C49-18C2-44BD-84EA-B76EFD9394BA}.Release|Any CPU.ActiveCfg = Release|Any CPU
		{E8DC1C49-18C2-44BD-84EA-B76EFD9394BA}.Release|Any CPU.Build.0 = Release|Any CPU
	EndGlobalSection
	GlobalSection(SolutionProperties) = preSolution
		HideSolutionNode = FALSE
	EndGlobalSection
	GlobalSection(ExtensibilityGlobals) = postSolution
		SolutionGuid = {48F251C9-C9A4-46EA-9996-3FCB900FE5D5}
	EndGlobalSection
EndGlobal
