
Microsoft Visual Studio Solution File, Format Version 12.00
# Visual Studio Version 17
VisualStudioVersion = 17.13.35931.197 d17.13
MinimumVisualStudioVersion = 10.0.40219.1
Project("{FAE04EC0-301F-11D3-BF4B-00C04F79EFBC}") = "Task1", "Task1\Task1.csproj", "{D27FEFA4-7646-4845-9763-06110A1ECA9A}"
EndProject
Global
	GlobalSection(SolutionConfigurationPlatforms) = preSolution
		Debug|Any CPU = Debug|Any CPU
		Release|Any CPU = Release|Any CPU
	EndGlobalSection
	GlobalSection(ProjectConfigurationPlatforms) = postSolution
		{D27FEFA4-7646-4845-9763-06110A1ECA9A}.Debug|Any CPU.ActiveCfg = Debug|Any CPU
		{D27FEFA4-7646-4845-9763-06110A1ECA9A}.Debug|Any CPU.Build.0 = Debug|Any CPU
		{D27FEFA4-7646-4845-9763-06110A1ECA9A}.Release|Any CPU.ActiveCfg = Release|Any CPU
		{D27FEFA4-7646-4845-9763-06110A1ECA9A}.Release|Any CPU.Build.0 = Release|Any CPU
	EndGlobalSection
	GlobalSection(SolutionProperties) = preSolution
		HideSolutionNode = FALSE
	EndGlobalSection
	GlobalSection(ExtensibilityGlobals) = postSolution
		SolutionGuid = {830410FF-2DBA-4656-B3BE-9611EB92479D}
	EndGlobalSection
EndGlobal
