
Microsoft Visual Studio Solution File, Format Version 12.00
# Visual Studio Version 17
VisualStudioVersion = 17.13.35931.197 d17.13
MinimumVisualStudioVersion = 10.0.40219.1
Project("{FAE04EC0-301F-11D3-BF4B-00C04F79EFBC}") = "Task4", "Task4\Task4.csproj", "{60626AC5-B482-4833-9A70-96CBB2EC2EBE}"
EndProject
Global
	GlobalSection(SolutionConfigurationPlatforms) = preSolution
		Debug|Any CPU = Debug|Any CPU
		Release|Any CPU = Release|Any CPU
	EndGlobalSection
	GlobalSection(ProjectConfigurationPlatforms) = postSolution
		{60626AC5-B482-4833-9A70-96CBB2EC2EBE}.Debug|Any CPU.ActiveCfg = Debug|Any CPU
		{60626AC5-B482-4833-9A70-96CBB2EC2EBE}.Debug|Any CPU.Build.0 = Debug|Any CPU
		{60626AC5-B482-4833-9A70-96CBB2EC2EBE}.Release|Any CPU.ActiveCfg = Release|Any CPU
		{60626AC5-B482-4833-9A70-96CBB2EC2EBE}.Release|Any CPU.Build.0 = Release|Any CPU
	EndGlobalSection
	GlobalSection(SolutionProperties) = preSolution
		HideSolutionNode = FALSE
	EndGlobalSection
	GlobalSection(ExtensibilityGlobals) = postSolution
		SolutionGuid = {6F0FECB4-5100-4B42-91A7-B527D680C329}
	EndGlobalSection
EndGlobal
