
Microsoft Visual Studio Solution File, Format Version 12.00
# Visual Studio Version 17
VisualStudioVersion = 17.13.35931.197 d17.13
MinimumVisualStudioVersion = 10.0.40219.1
Project("{FAE04EC0-301F-11D3-BF4B-00C04F79EFBC}") = "Task1", "Task1\Task1.csproj", "{BFD14096-8369-493B-A80C-07A626585835}"
EndProject
Global
	GlobalSection(SolutionConfigurationPlatforms) = preSolution
		Debug|Any CPU = Debug|Any CPU
		Release|Any CPU = Release|Any CPU
	EndGlobalSection
	GlobalSection(ProjectConfigurationPlatforms) = postSolution
		{BFD14096-8369-493B-A80C-07A626585835}.Debug|Any CPU.ActiveCfg = Debug|Any CPU
		{BFD14096-8369-493B-A80C-07A626585835}.Debug|Any CPU.Build.0 = Debug|Any CPU
		{BFD14096-8369-493B-A80C-07A626585835}.Release|Any CPU.ActiveCfg = Release|Any CPU
		{BFD14096-8369-493B-A80C-07A626585835}.Release|Any CPU.Build.0 = Release|Any CPU
	EndGlobalSection
	GlobalSection(SolutionProperties) = preSolution
		HideSolutionNode = FALSE
	EndGlobalSection
	GlobalSection(ExtensibilityGlobals) = postSolution
		SolutionGuid = {D248CCF1-B81B-4E30-ACB0-17DF2875C56F}
	EndGlobalSection
EndGlobal
